{
  "name": "udyamcare",
  "version": "1.0.0",
  "lockfileVersion": 3,
  "requires": true,
  "packages": {
    "": {
      "name": "udyamcare",
      "version": "1.0.0",
      "license": "ISC",
      "dependencies": {
        "motion": "^14.1.0"
      }
    },
    "node_modules/framer-motion": {
      "version": "14.1.0",
      "resolved": "https://registry.npmjs.org/framer-motion/-/framer-motion-14.1.0.tgz",
      "integrity": "sha512-QsdZSdWoyQfUmgi+GZfow8Du5COG6VRYEo9FlgKUPgH87/Le/fYekHCAKwLdYKHdCZcZfWHg4iOxlD6RoqXciQ==",
      "license": "MIT",
      "dependencies": {
        "motion-dom": "14.1.0",
        "motion-utils": "14.1.0",
        "tslib": "^2.4.0"
      },
      "peerDependencies": {
        "react": "^18.0.0 || ^19.0.0",
        "react-dom": "^18.0.0 || ^19.0.0"
      },
      "peerDependenciesMeta": {
        "react": {
          "optional": true
        },
        "react-dom": {
          "optional": true
        }
      }
    },
    "node_modules/motion": {
      "version": "14.1.0",
      "resolved": "https://registry.npmjs.org/motion/-/motion-14.1.0.tgz",
      "integrity": "sha512-lsCsW9uJ+iMJj8MSiLccpUC+ZUpoSspaX6Pm78KrnZKMioCPAPG6WeG1d1d/Ywg+z1mny+STP6VyEYW+3nAqNw==",
      "license": "MIT",
      "dependencies": {
        "framer-motion": "14.1.0",
        "tslib": "^2.4.0"
      },
      "peerDependencies": {
        "react": "^18.0.0 || ^19.0.0",
        "react-dom": "^18.0.0 || ^19.0.0"
      },
      "peerDependenciesMeta": {
        "react": {
          "optional": true
        },
        "react-dom": {
          "optional": true
        }
      }
    },
    "node_modules/motion-dom": {
      "version": "14.1.0",
      "resolved": "https://registry.npmjs.org/motion-dom/-/motion-dom-14.1.0.tgz",
      "integrity": "sha512-FyFLkNUAAETzCvf851mZcl+v+kaZrKq+UM+XmkY4G8n+ny/WYfiWh9j0fhSQ1KOKVQrM9/cLO11THO2k71HJlg==",
      "license": "MIT",
      "dependencies": {
        "motion-utils": "14.1.0"
      }
    },
    "node_modules/motion-utils": {
      "version": "14.1.0",
      "resolved": "https://registry.npmjs.org/motion-utils/-/motion-utils-14.1.0.tgz",
      "integrity": "sha512-xd4FeWOnnXsJHmAaRCLNbOS7mEaNOangjMt3Pl241H07f1kxW48fADQ/8O5hLLNhf1qdlozgY3PPAHBdOoU7AA==",
      "license": "MIT"
    },
    "node_modules/tslib": {
      "version": "2.8.1",
      "resolved": "https://registry.npmjs.org/tslib/-/tslib-2.8.1.tgz",
      "integrity": "sha512-oJFu94HQb+KVduSUQL7wnpmqnfmLsOA/nAh6b6EH0wCEoK0/mPeXU6c3wKDV83MkOuHPRHtSXKKU99IBazS/2w==",
      "license": "0BSD"
    }
  }
}
